Microsoft Visual Studio Solution File, Format Version 11.00
# Visual Studio 2008

Project("{68D024EA-418E-CE72-7B30-BDE801B118B6}") = "GreatGame", "Assembly-CSharp.csproj", "{F7BE11C1-11F5-48F4-7482-7E4D84F0020A}"
EndProject
Global
	GlobalSection(SolutionConfigurationPlatforms) = preSolution
		Debug|Any CPU = Debug|Any CPU
		Release|Any CPU = Release|Any CPU
	EndGlobalSection
	GlobalSection(ProjectConfigurationPlatforms) = postSolution
		{F7BE11C1-11F5-48F4-7482-7E4D84F0020A}.Debug|Any CPU.ActiveCfg = Debug|Any CPU
		{F7BE11C1-11F5-48F4-7482-7E4D84F0020A}.Debug|Any CPU.Build.0 = Debug|Any CPU
		{F7BE11C1-11F5-48F4-7482-7E4D84F0020A}.Release|Any CPU.ActiveCfg = Release|Any CPU
		{F7BE11C1-11F5-48F4-7482-7E4D84F0020A}.Release|Any CPU.Build.0 = Release|Any CPU
	EndGlobalSection
	GlobalSection(SolutionProperties) = preSolution
		HideSolutionNode = FALSE
	EndGlobalSection
	GlobalSection(MonoDevelopProperties) = preSolution
		StartupItem = Assembly-CSharp.csproj
	EndGlobalSection
EndGlobal
